
Microsoft Visual Studio Solution File, Format Version 12.00
# Visual Studio Version 17
VisualStudioVersion = 17.8.34525.116
MinimumVisualStudioVersion = 10.0.40219.1
Project("{FAE04EC0-301F-11D3-BF4B-00C04F79EFBC}") = "TaxCalculator-Shreyansh", "TaxCalculator-Shreyansh\TaxCalculator-Shreyansh.csproj", "{607132A2-D952-45D8-9099-AB307AEE5302}"
EndProject
Global
	GlobalSection(SolutionConfigurationPlatforms) = preSolution
		Debug|Any CPU = Debug|Any CPU
		Release|Any CPU = Release|Any CPU
	EndGlobalSection
	GlobalSection(ProjectConfigurationPlatforms) = postSolution
		{607132A2-D952-45D8-9099-AB307AEE5302}.Debug|Any CPU.ActiveCfg = Debug|Any CPU
		{607132A2-D952-45D8-9099-AB307AEE5302}.Debug|Any CPU.Build.0 = Debug|Any CPU
		{607132A2-D952-45D8-9099-AB307AEE5302}.Release|Any CPU.ActiveCfg = Release|Any CPU
		{607132A2-D952-45D8-9099-AB307AEE5302}.Release|Any CPU.Build.0 = Release|Any CPU
	EndGlobalSection
	GlobalSection(SolutionProperties) = preSolution
		HideSolutionNode = FALSE
	EndGlobalSection
	GlobalSection(ExtensibilityGlobals) = postSolution
		SolutionGuid = {CDBC7C98-B595-4DC0-A120-CAC3EB733468}
	EndGlobalSection
EndGlobal
